
Microsoft Visual Studio Solution File, Format Version 12.00
# Visual Studio 15
VisualStudioVersion = 15.0.28307.1267
MinimumVisualStudioVersion = 10.0.40219.1
Project("{FAE04EC0-301F-11D3-BF4B-00C04F79EFBC}") = "SV", "SV\SV.csproj", "{D01AD7BD-C9C3-481B-95C1-C95700862E43}"
EndProject
Global
	GlobalSection(SolutionConfigurationPlatforms) = preSolution
		Debug|Any CPU = Debug|Any CPU
		Release|Any CPU = Release|Any CPU
	EndGlobalSection
	GlobalSection(ProjectConfigurationPlatforms) = postSolution
		{D01AD7BD-C9C3-481B-95C1-C95700862E43}.Debug|Any CPU.ActiveCfg = Debug|Any CPU
		{D01AD7BD-C9C3-481B-95C1-C95700862E43}.Debug|Any CPU.Build.0 = Debug|Any CPU
		{D01AD7BD-C9C3-481B-95C1-C95700862E43}.Release|Any CPU.ActiveCfg = Release|Any CPU
		{D01AD7BD-C9C3-481B-95C1-C95700862E43}.Release|Any CPU.Build.0 = Release|Any CPU
	EndGlobalSection
	GlobalSection(SolutionProperties) = preSolution
		HideSolutionNode = FALSE
	EndGlobalSection
	GlobalSection(ExtensibilityGlobals) = postSolution
		SolutionGuid = {585D4A66-206E-433D-A8E3-C34E10810EDE}
	EndGlobalSection
EndGlobal
